
Microsoft Visual Studio Solution File, Format Version 12.00
# Visual Studio Version 16
VisualStudioVersion = 16.0.29123.88
MinimumVisualStudioVersion = 10.0.40219.1
Project("{FAE04EC0-301F-11D3-BF4B-00C04F79EFBC}") = "CuidadosContinuados", "CuidadosContinuados\CuidadosContinuados.csproj", "{A0E4EA2F-3A51-4EC7-8227-A76AC96C875D}"
EndProject
Global
	GlobalSection(SolutionConfigurationPlatforms) = preSolution
		Debug|Any CPU = Debug|Any CPU
		Release|Any CPU = Release|Any CPU
	EndGlobalSection
	GlobalSection(ProjectConfigurationPlatforms) = postSolution
		{A0E4EA2F-3A51-4EC7-8227-A76AC96C875D}.Debug|Any CPU.ActiveCfg = Debug|Any CPU
		{A0E4EA2F-3A51-4EC7-8227-A76AC96C875D}.Debug|Any CPU.Build.0 = Debug|Any CPU
		{A0E4EA2F-3A51-4EC7-8227-A76AC96C875D}.Release|Any CPU.ActiveCfg = Release|Any CPU
		{A0E4EA2F-3A51-4EC7-8227-A76AC96C875D}.Release|Any CPU.Build.0 = Release|Any CPU
	EndGlobalSection
	GlobalSection(SolutionProperties) = preSolution
		HideSolutionNode = FALSE
	EndGlobalSection
	GlobalSection(ExtensibilityGlobals) = postSolution
		SolutionGuid = {BAF9C4AC-AFF9-472B-A031-B10B69B8417E}
	EndGlobalSection
EndGlobal
